
Microsoft Visual Studio Solution File, Format Version 12.00
Project("{F2A71F9B-5D33-465A-A702-920D77279786}") = "FsiRefGen", "src\FsiRefGen.fsproj", "{CF0B31D3-D166-40D9-A77B-F0E0EB1000D9}"
EndProject
Project("{2150E333-8FDC-42A3-9474-1A3956D46DE8}") = "build", "build", "{9F7FFB58-9C00-4487-853B-A21F5235572C}"
ProjectSection(SolutionItems) = preProject
	build = build
	appveyor.yml = appveyor.yml
	run = run
	paket.dependencies = paket.dependencies
EndProjectSection
EndProject
Global
	GlobalSection(SolutionConfigurationPlatforms) = preSolution
		Debug|Any CPU = Debug|Any CPU
		Release|Any CPU = Release|Any CPU
	EndGlobalSection
	GlobalSection(ProjectConfigurationPlatforms) = postSolution
		{CF0B31D3-D166-40D9-A77B-F0E0EB1000D9}.Debug|Any CPU.ActiveCfg = Debug|Any CPU
		{CF0B31D3-D166-40D9-A77B-F0E0EB1000D9}.Debug|Any CPU.Build.0 = Debug|Any CPU
		{CF0B31D3-D166-40D9-A77B-F0E0EB1000D9}.Release|Any CPU.ActiveCfg = Release|Any CPU
		{CF0B31D3-D166-40D9-A77B-F0E0EB1000D9}.Release|Any CPU.Build.0 = Release|Any CPU
	EndGlobalSection
EndGlobal
